
Microsoft Visual Studio Solution File, Format Version 12.00
# Visual Studio 2017
Project("{FAE04EC0-301F-11D3-BF4B-00C04F79EFBC}") = "Cut_Rope", "Cut_Rope.csproj", "{75471D0E-3972-574C-D21E-E181F7B2B1D3}"
EndProject
Global
	GlobalSection(SolutionConfigurationPlatforms) = preSolution
		Debug|Any CPU = Debug|Any CPU
		Release|Any CPU = Release|Any CPU
	EndGlobalSection
	GlobalSection(ProjectConfigurationPlatforms) = postSolution
		{75471D0E-3972-574C-D21E-E181F7B2B1D3}.Debug|Any CPU.ActiveCfg = Debug|Any CPU
		{75471D0E-3972-574C-D21E-E181F7B2B1D3}.Debug|Any CPU.Build.0 = Debug|Any CPU
		{75471D0E-3972-574C-D21E-E181F7B2B1D3}.Release|Any CPU.ActiveCfg = Release|Any CPU
		{75471D0E-3972-574C-D21E-E181F7B2B1D3}.Release|Any CPU.Build.0 = Release|Any CPU
	EndGlobalSection
	GlobalSection(SolutionProperties) = preSolution
		HideSolutionNode = FALSE
	EndGlobalSection
EndGlobal
